{
    "_readme": [
        "This file locks the dependencies of your project to a known state",
        "Read more about it at https://getcomposer.org/doc/01-basic-usage.md#composer-lock-the-lock-file",
        "This file is @generated automatically"
    ],
    "content-hash": "9c03aeec3e744799bb8c6001885ba47f",
    "packages": [
        {
            "name": "fab1en/rocket-chat-rest-client",
            "version": "1.0",
            "source": {
                "type": "git",
                "url": "https://github.com/Fab1en/rocket-chat-rest-client.git",
                "reference": "097b148cd4a0622407906e3c0910db3ff5dcdbb9"
            },
            "dist": {
                "type": "zip",
                "url": "https://api.github.com/repos/Fab1en/rocket-chat-rest-client/zipball/097b148cd4a0622407906e3c0910db3ff5dcdbb9",
                "reference": "097b148cd4a0622407906e3c0910db3ff5dcdbb9",
                "shasum": ""
            },
            "require": {
                "nategood/httpful": "*"
            },
            "type": "library",
            "autoload": {
                "classmap": [
                    "src/"
                ]
            },
            "notification-url": "https://packagist.org/downloads/",
            "description": "Rocket Chat REST API client in PHP.",
            "time": "2017-04-06T13:34:15+00:00"
        },
        {
            "name": "nategood/httpful",
            "version": "0.2.20",
            "source": {
                "type": "git",
                "url": "https://github.com/nategood/httpful.git",
                "reference": "c1cd4d46a4b281229032cf39d4dd852f9887c0f6"
            },
            "dist": {
                "type": "zip",
                "url": "https://api.github.com/repos/nategood/httpful/zipball/c1cd4d46a4b281229032cf39d4dd852f9887c0f6",
                "reference": "c1cd4d46a4b281229032cf39d4dd852f9887c0f6",
                "shasum": ""
            },
            "require": {
                "ext-curl": "*",
                "php": ">=5.3"
            },
            "require-dev": {
                "phpunit/phpunit": "*"
            },
            "type": "library",
            "autoload": {
                "psr-0": {
                    "Httpful": "src/"
                }
            },
            "notification-url": "https://packagist.org/downloads/",
            "license": [
                "MIT"
            ],
            "authors": [
                {
                    "name": "Nate Good",
                    "email": "me@nategood.com",
                    "homepage": "http://nategood.com"
                }
            ],
            "description": "A Readable, Chainable, REST friendly, PHP HTTP Client",
            "homepage": "http://github.com/nategood/httpful",
            "keywords": [
                "api",
                "curl",
                "http",
                "requests",
                "rest",
                "restful"
            ],
            "time": "2015-10-26T16:11:30+00:00"
        }
    ],
    "packages-dev": [],
    "aliases": [],
    "minimum-stability": "stable",
    "stability-flags": [],
    "prefer-stable": false,
    "prefer-lowest": false,
    "platform": {
        "ext-ncurses": "*",
        "ext-mbstring": "*",
        "ext-simplexml": "*",
        "ext-json": "*"
    },
    "platform-dev": []
}
